// !$*UTF8*$!
{
	archiveVersion = 1;
	classes = {
	};
	objectVersion = 46;
	objects = {

/* Begin PBXBuildFile section */
		197810091D29F62B00F404E2 /* BHNetworkLogger.m in Sources */ = {isa = PBXBuildFile; fileRef = 197810081D29F62B00F404E2 /* BHNetworkLogger.m */; };
		197810241D29F83100F404E2 /* BHNetworkAgent.m in Sources */ = {isa = PBXBuildFile; fileRef = 197810191D29F83100F404E2 /* BHNetworkAgent.m */; };
		197810251D29F83100F404E2 /* BHNetworkBaseRequest.m in Sources */ = {isa = PBXBuildFile; fileRef = 1978101B1D29F83100F404E2 /* BHNetworkBaseRequest.m */; };
		197810261D29F83100F404E2 /* BHNetworkBatchRequest.m in Sources */ = {isa = PBXBuildFile; fileRef = 1978101D1D29F83100F404E2 /* BHNetworkBatchRequest.m */; };
		197810271D29F83100F404E2 /* BHNetworkChainRequest.m in Sources */ = {isa = PBXBuildFile; fileRef = 1978101F1D29F83100F404E2 /* BHNetworkChainRequest.m */; };
		197810281D29F83100F404E2 /* BHNetworkConfig.m in Sources */ = {isa = PBXBuildFile; fileRef = 197810211D29F83100F404E2 /* BHNetworkConfig.m */; };
		197810291D29F83100F404E2 /* BHNetworkResponse.m in Sources */ = {isa = PBXBuildFile; fileRef = 197810231D29F83100F404E2 /* BHNetworkResponse.m */; };
		19818F541D268E220072E29E /* main.m in Sources */ = {isa = PBXBuildFile; fileRef = 19818F531D268E220072E29E /* main.m */; };
		19818F571D268E220072E29E /* AppDelegate.m in Sources */ = {isa = PBXBuildFile; fileRef = 19818F561D268E220072E29E /* AppDelegate.m */; };
		19818F5A1D268E220072E29E /* ViewController.m in Sources */ = {isa = PBXBuildFile; fileRef = 19818F591D268E220072E29E /* ViewController.m */; };
		19818F5D1D268E220072E29E /* Main.storyboard in Resources */ = {isa = PBXBuildFile; fileRef = 19818F5B1D268E220072E29E /* Main.storyboard */; };
		19818F5F1D268E220072E29E /* Assets.xcassets in Resources */ = {isa = PBXBuildFile; fileRef = 19818F5E1D268E220072E29E /* Assets.xcassets */; };
		19818F621D268E220072E29E /* LaunchScreen.storyboard in Resources */ = {isa = PBXBuildFile; fileRef = 19818F601D268E220072E29E /* LaunchScreen.storyboard */; };
		19818F6D1D268E220072E29E /* BHNetworkDemoTests.m in Sources */ = {isa = PBXBuildFile; fileRef = 19818F6C1D268E220072E29E /* BHNetworkDemoTests.m */; };
		19818F791D268E870072E29E /* Default-568h@2x.png in Resources */ = {isa = PBXBuildFile; fileRef = 19818F781D268E870072E29E /* Default-568h@2x.png */; };
		19818F911D2690FC0072E29E /* BHNetworkHUDAccessory.m in Sources */ = {isa = PBXBuildFile; fileRef = 19818F901D2690FC0072E29E /* BHNetworkHUDAccessory.m */; };
		19818F941D26911A0072E29E /* BHNetworkRefreshAccessory.m in Sources */ = {isa = PBXBuildFile; fileRef = 19818F931D26911A0072E29E /* BHNetworkRefreshAccessory.m */; };
/* End PBXBuildFile section */

/* Begin PBXContainerItemProxy section */
		19818F691D268E220072E29E /* PBXContainerItemProxy */ = {
			isa = PBXContainerItemProxy;
			containerPortal = 19818F471D268E220072E29E /* Project object */;
			proxyType = 1;
			remoteGlobalIDString = 19818F4E1D268E220072E29E;
			remoteInfo = BHNetworkDemo;
		};
/* End PBXContainerItemProxy section */

/* Begin PBXFileReference section */
		197810071D29F62B00F404E2 /* BHNetworkLogger.h */ = {isa = PBXFileReference; fileEncoding = 4; lastKnownFileType = sourcecode.c.h; path = BHNetworkLogger.h; sourceTree = "<group>"; };
		197810081D29F62B00F404E2 /* BHNetworkLogger.m */ = {isa = PBXFileReference; fileEncoding = 4; lastKnownFileType = sourcecode.c.objc; path = BHNetworkLogger.m; sourceTree = "<group>"; };
		197810131D29F72300F404E2 /* BHNetwork.h */ = {isa = PBXFileReference; fileEncoding = 4; lastKnownFileType = sourcecode.c.h; path = BHNetwork.h; sourceTree = "<group>"; };
		197810181D29F83100F404E2 /* BHNetworkAgent.h */ = {isa = PBXFileReference; fileEncoding = 4; lastKnownFileType = sourcecode.c.h; path = BHNetworkAgent.h; sourceTree = "<group>"; };
		197810191D29F83100F404E2 /* BHNetworkAgent.m */ = {isa = PBXFileReference; fileEncoding = 4; lastKnownFileType = sourcecode.c.objc; path = BHNetworkAgent.m; sourceTree = "<group>"; };
		1978101A1D29F83100F404E2 /* BHNetworkBaseRequest.h */ = {isa = PBXFileReference; fileEncoding = 4; lastKnownFileType = sourcecode.c.h; path = BHNetworkBaseRequest.h; sourceTree = "<group>"; };
		1978101B1D29F83100F404E2 /* BHNetworkBaseRequest.m */ = {isa = PBXFileReference; fileEncoding = 4; lastKnownFileType = sourcecode.c.objc; path = BHNetworkBaseRequest.m; sourceTree = "<group>"; };
		1978101C1D29F83100F404E2 /* BHNetworkBatchRequest.h */ = {isa = PBXFileReference; fileEncoding = 4; lastKnownFileType = sourcecode.c.h; path = BHNetworkBatchRequest.h; sourceTree = "<group>"; };
		1978101D1D29F83100F404E2 /* BHNetworkBatchRequest.m */ = {isa = PBXFileReference; fileEncoding = 4; lastKnownFileType = sourcecode.c.objc; path = BHNetworkBatchRequest.m; sourceTree = "<group>"; };
		1978101E1D29F83100F404E2 /* BHNetworkChainRequest.h */ = {isa = PBXFileReference; fileEncoding = 4; lastKnownFileType = sourcecode.c.h; path = BHNetworkChainRequest.h; sourceTree = "<group>"; };
		1978101F1D29F83100F404E2 /* BHNetworkChainRequest.m */ = {isa = PBXFileReference; fileEncoding = 4; lastKnownFileType = sourcecode.c.objc; path = BHNetworkChainRequest.m; sourceTree = "<group>"; };
		197810201D29F83100F404E2 /* BHNetworkConfig.h */ = {isa = PBXFileReference; fileEncoding = 4; lastKnownFileType = sourcecode.c.h; path = BHNetworkConfig.h; sourceTree = "<group>"; };
		197810211D29F83100F404E2 /* BHNetworkConfig.m */ = {isa = PBXFileReference; fileEncoding = 4; lastKnownFileType = sourcecode.c.objc; path = BHNetworkConfig.m; sourceTree = "<group>"; };
		197810221D29F83100F404E2 /* BHNetworkResponse.h */ = {isa = PBXFileReference; fileEncoding = 4; lastKnownFileType = sourcecode.c.h; path = BHNetworkResponse.h; sourceTree = "<group>"; };
		197810231D29F83100F404E2 /* BHNetworkResponse.m */ = {isa = PBXFileReference; fileEncoding = 4; lastKnownFileType = sourcecode.c.objc; path = BHNetworkResponse.m; sourceTree = "<group>"; };
		19818F4F1D268E220072E29E /* BHNetworkDemo.app */ = {isa = PBXFileReference; explicitFileType = wrapper.application; includeInIndex = 0; path = BHNetworkDemo.app; sourceTree = BUILT_PRODUCTS_DIR; };
		19818F531D268E220072E29E /* main.m */ = {isa = PBXFileReference; lastKnownFileType = sourcecode.c.objc; path = main.m; sourceTree = "<group>"; };
		19818F551D268E220072E29E /* AppDelegate.h */ = {isa = PBXFileReference; lastKnownFileType = sourcecode.c.h; path = AppDelegate.h; sourceTree = "<group>"; };
		19818F561D268E220072E29E /* AppDelegate.m */ = {isa = PBXFileReference; lastKnownFileType = sourcecode.c.objc; path = AppDelegate.m; sourceTree = "<group>"; };
		19818F581D268E220072E29E /* ViewController.h */ = {isa = PBXFileReference; lastKnownFileType = sourcecode.c.h; path = ViewController.h; sourceTree = "<group>"; };
		19818F591D268E220072E29E /* ViewController.m */ = {isa = PBXFileReference; lastKnownFileType = sourcecode.c.objc; path = ViewController.m; sourceTree = "<group>"; };
		19818F5C1D268E220072E29E /* Base */ = {isa = PBXFileReference; lastKnownFileType = file.storyboard; name = Base; path = Base.lproj/Main.storyboard; sourceTree = "<group>"; };
		19818F5E1D268E220072E29E /* Assets.xcassets */ = {isa = PBXFileReference; lastKnownFileType = folder.assetcatalog; path = Assets.xcassets; sourceTree = "<group>"; };
		19818F611D268E220072E29E /* Base */ = {isa = PBXFileReference; lastKnownFileType = file.storyboard; name = Base; path = Base.lproj/LaunchScreen.storyboard; sourceTree = "<group>"; };
		19818F631D268E220072E29E /* Info.plist */ = {isa = PBXFileReference; lastKnownFileType = text.plist.xml; path = Info.plist; sourceTree = "<group>"; };
		19818F681D268E220072E29E /* BHNetworkDemoTests.xctest */ = {isa = PBXFileReference; explicitFileType = wrapper.cfbundle; includeInIndex = 0; path = BHNetworkDemoTests.xctest; sourceTree = BUILT_PRODUCTS_DIR; };
		19818F6C1D268E220072E29E /* BHNetworkDemoTests.m */ = {isa = PBXFileReference; lastKnownFileType = sourcecode.c.objc; path = BHNetworkDemoTests.m; sourceTree = "<group>"; };
		19818F6E1D268E220072E29E /* Info.plist */ = {isa = PBXFileReference; lastKnownFileType = text.plist.xml; path = Info.plist; sourceTree = "<group>"; };
		19818F781D268E870072E29E /* Default-568h@2x.png */ = {isa = PBXFileReference; lastKnownFileType = image.png; path = "Default-568h@2x.png"; sourceTree = "<group>"; };
		19818F8F1D2690FC0072E29E /* BHNetworkHUDAccessory.h */ = {isa = PBXFileReference; fileEncoding = 4; lastKnownFileType = sourcecode.c.h; path = BHNetworkHUDAccessory.h; sourceTree = "<group>"; };
		19818F901D2690FC0072E29E /* BHNetworkHUDAccessory.m */ = {isa = PBXFileReference; fileEncoding = 4; lastKnownFileType = sourcecode.c.objc; path = BHNetworkHUDAccessory.m; sourceTree = "<group>"; };
		19818F921D26911A0072E29E /* BHNetworkRefreshAccessory.h */ = {isa = PBXFileReference; fileEncoding = 4; lastKnownFileType = sourcecode.c.h; path = BHNetworkRefreshAccessory.h; sourceTree = "<group>"; };
		19818F931D26911A0072E29E /* BHNetworkRefreshAccessory.m */ = {isa = PBXFileReference; fileEncoding = 4; lastKnownFileType = sourcecode.c.objc; path = BHNetworkRefreshAccessory.m; sourceTree = "<group>"; };
		19818F951D2691990072E29E /* BHNetworkAccessoryProtocol.h */ = {isa = PBXFileReference; fileEncoding = 4; lastKnownFileType = sourcecode.c.h; path = BHNetworkAccessoryProtocol.h; sourceTree = "<group>"; };
		19818F971D2691EF0072E29E /* BHNetworkRequestConfigProtocol.h */ = {isa = PBXFileReference; fileEncoding = 4; lastKnownFileType = sourcecode.c.h; path = BHNetworkRequestConfigProtocol.h; sourceTree = "<group>"; };
		19818F981D2692AF0072E29E /* BHNetworkInterceptorProtocol.h */ = {isa = PBXFileReference; fileEncoding = 4; lastKnownFileType = sourcecode.c.h; path = BHNetworkInterceptorProtocol.h; sourceTree = "<group>"; };
		19818F991D2693550072E29E /* BHNetworkRequestParamSourceProtocol.h */ = {isa = PBXFileReference; fileEncoding = 4; lastKnownFileType = sourcecode.c.h; path = BHNetworkRequestParamSourceProtocol.h; sourceTree = "<group>"; };
		19818FA61D26959A0072E29E /* BHNetworkResponseProtocol.h */ = {isa = PBXFileReference; fileEncoding = 4; lastKnownFileType = sourcecode.c.h; path = BHNetworkResponseProtocol.h; sourceTree = "<group>"; };
/* End PBXFileReference section */

/* Begin PBXFrameworksBuildPhase section */
		19818F4C1D268E220072E29E /* Frameworks */ = {
			isa = PBXFrameworksBuildPhase;
			buildActionMask = 2147483647;
			files = (
			);
			runOnlyForDeploymentPostprocessing = 0;
		};
		19818F651D268E220072E29E /* Frameworks */ = {
			isa = PBXFrameworksBuildPhase;
			buildActionMask = 2147483647;
			files = (
			);
			runOnlyForDeploymentPostprocessing = 0;
		};
/* End PBXFrameworksBuildPhase section */

/* Begin PBXGroup section */
		197810061D29F61A00F404E2 /* BHNetworkLogger */ = {
			isa = PBXGroup;
			children = (
				197810071D29F62B00F404E2 /* BHNetworkLogger.h */,
				197810081D29F62B00F404E2 /* BHNetworkLogger.m */,
			);
			path = BHNetworkLogger;
			sourceTree = "<group>";
		};
		197810171D29F83100F404E2 /* BHNetwork */ = {
			isa = PBXGroup;
			children = (
				197810201D29F83100F404E2 /* BHNetworkConfig.h */,
				197810211D29F83100F404E2 /* BHNetworkConfig.m */,
				197810181D29F83100F404E2 /* BHNetworkAgent.h */,
				197810191D29F83100F404E2 /* BHNetworkAgent.m */,
				1978101A1D29F83100F404E2 /* BHNetworkBaseRequest.h */,
				1978101B1D29F83100F404E2 /* BHNetworkBaseRequest.m */,
				1978101C1D29F83100F404E2 /* BHNetworkBatchRequest.h */,
				1978101D1D29F83100F404E2 /* BHNetworkBatchRequest.m */,
				1978101E1D29F83100F404E2 /* BHNetworkChainRequest.h */,
				1978101F1D29F83100F404E2 /* BHNetworkChainRequest.m */,
				197810221D29F83100F404E2 /* BHNetworkResponse.h */,
				197810231D29F83100F404E2 /* BHNetworkResponse.m */,
			);
			path = BHNetwork;
			sourceTree = "<group>";
		};
		19818F461D268E220072E29E = {
			isa = PBXGroup;
			children = (
				19818F781D268E870072E29E /* Default-568h@2x.png */,
				19818F771D268E420072E29E /* BHNetwork */,
				19818F511D268E220072E29E /* BHNetworkDemo */,
				19818F6B1D268E220072E29E /* BHNetworkDemoTests */,
				19818F501D268E220072E29E /* Products */,
			);
			sourceTree = "<group>";
		};
		19818F501D268E220072E29E /* Products */ = {
			isa = PBXGroup;
			children = (
				19818F4F1D268E220072E29E /* BHNetworkDemo.app */,
				19818F681D268E220072E29E /* BHNetworkDemoTests.xctest */,
			);
			name = Products;
			sourceTree = "<group>";
		};
		19818F511D268E220072E29E /* BHNetworkDemo */ = {
			isa = PBXGroup;
			children = (
				19818F551D268E220072E29E /* AppDelegate.h */,
				19818F561D268E220072E29E /* AppDelegate.m */,
				19818F8E1D2690EE0072E29E /* BHNetworkAccessory */,
				19818F581D268E220072E29E /* ViewController.h */,
				19818F591D268E220072E29E /* ViewController.m */,
				19818F5B1D268E220072E29E /* Main.storyboard */,
				19818F5E1D268E220072E29E /* Assets.xcassets */,
				19818F601D268E220072E29E /* LaunchScreen.storyboard */,
				19818F631D268E220072E29E /* Info.plist */,
				19818F521D268E220072E29E /* Supporting Files */,
			);
			path = BHNetworkDemo;
			sourceTree = "<group>";
		};
		19818F521D268E220072E29E /* Supporting Files */ = {
			isa = PBXGroup;
			children = (
				19818F531D268E220072E29E /* main.m */,
			);
			name = "Supporting Files";
			sourceTree = "<group>";
		};
		19818F6B1D268E220072E29E /* BHNetworkDemoTests */ = {
			isa = PBXGroup;
			children = (
				19818F6C1D268E220072E29E /* BHNetworkDemoTests.m */,
				19818F6E1D268E220072E29E /* Info.plist */,
			);
			path = BHNetworkDemoTests;
			sourceTree = "<group>";
		};
		19818F771D268E420072E29E /* BHNetwork */ = {
			isa = PBXGroup;
			children = (
				197810171D29F83100F404E2 /* BHNetwork */,
				197810061D29F61A00F404E2 /* BHNetworkLogger */,
				19818F7D1D268F050072E29E /* BHNetworkProtocol */,
				197810131D29F72300F404E2 /* BHNetwork.h */,
			);
			path = BHNetwork;
			sourceTree = "<group>";
		};
		19818F7D1D268F050072E29E /* BHNetworkProtocol */ = {
			isa = PBXGroup;
			children = (
				19818F951D2691990072E29E /* BHNetworkAccessoryProtocol.h */,
				19818F981D2692AF0072E29E /* BHNetworkInterceptorProtocol.h */,
				19818F971D2691EF0072E29E /* BHNetworkRequestConfigProtocol.h */,
				19818F991D2693550072E29E /* BHNetworkRequestParamSourceProtocol.h */,
				19818FA61D26959A0072E29E /* BHNetworkResponseProtocol.h */,
			);
			path = BHNetworkProtocol;
			sourceTree = "<group>";
		};
		19818F8E1D2690EE0072E29E /* BHNetworkAccessory */ = {
			isa = PBXGroup;
			children = (
				19818F8F1D2690FC0072E29E /* BHNetworkHUDAccessory.h */,
				19818F901D2690FC0072E29E /* BHNetworkHUDAccessory.m */,
				19818F921D26911A0072E29E /* BHNetworkRefreshAccessory.h */,
				19818F931D26911A0072E29E /* BHNetworkRefreshAccessory.m */,
			);
			path = BHNetworkAccessory;
			sourceTree = "<group>";
		};
/* End PBXGroup section */

/* Begin PBXNativeTarget section */
		19818F4E1D268E220072E29E /* BHNetworkDemo */ = {
			isa = PBXNativeTarget;
			buildConfigurationList = 19818F711D268E220072E29E /* Build configuration list for PBXNativeTarget "BHNetworkDemo" */;
			buildPhases = (
				19818F4B1D268E220072E29E /* Sources */,
				19818F4C1D268E220072E29E /* Frameworks */,
				19818F4D1D268E220072E29E /* Resources */,
			);
			buildRules = (
			);
			dependencies = (
			);
			name = BHNetworkDemo;
			productName = BHNetworkDemo;
			productReference = 19818F4F1D268E220072E29E /* BHNetworkDemo.app */;
			productType = "com.apple.product-type.application";
		};
		19818F671D268E220072E29E /* BHNetworkDemoTests */ = {
			isa = PBXNativeTarget;
			buildConfigurationList = 19818F741D268E220072E29E /* Build configuration list for PBXNativeTarget "BHNetworkDemoTests" */;
			buildPhases = (
				19818F641D268E220072E29E /* Sources */,
				19818F651D268E220072E29E /* Frameworks */,
				19818F661D268E220072E29E /* Resources */,
			);
			buildRules = (
			);
			dependencies = (
				19818F6A1D268E220072E29E /* PBXTargetDependency */,
			);
			name = BHNetworkDemoTests;
			productName = BHNetworkDemoTests;
			productReference = 19818F681D268E220072E29E /* BHNetworkDemoTests.xctest */;
			productType = "com.apple.product-type.bundle.unit-test";
		};
/* End PBXNativeTarget section */

/* Begin PBXProject section */
		19818F471D268E220072E29E /* Project object */ = {
			isa = PBXProject;
			attributes = {
				CLASSPREFIX = BH;
				LastUpgradeCheck = 0730;
				ORGANIZATIONNAME = iBinaryOrg;
				TargetAttributes = {
					19818F4E1D268E220072E29E = {
						CreatedOnToolsVersion = 7.3.1;
					};
					19818F671D268E220072E29E = {
						CreatedOnToolsVersion = 7.3.1;
						TestTargetID = 19818F4E1D268E220072E29E;
					};
				};
			};
			buildConfigurationList = 19818F4A1D268E220072E29E /* Build configuration list for PBXProject "BHNetworkDemo" */;
			compatibilityVersion = "Xcode 3.2";
			developmentRegion = English;
			hasScannedForEncodings = 0;
			knownRegions = (
				en,
				Base,
			);
			mainGroup = 19818F461D268E220072E29E;
			productRefGroup = 19818F501D268E220072E29E /* Products */;
			projectDirPath = "";
			projectRoot = "";
			targets = (
				19818F4E1D268E220072E29E /* BHNetworkDemo */,
				19818F671D268E220072E29E /* BHNetworkDemoTests */,
			);
		};
/* End PBXProject section */

/* Begin PBXResourcesBuildPhase section */
		19818F4D1D268E220072E29E /* Resources */ = {
			isa = PBXResourcesBuildPhase;
			buildActionMask = 2147483647;
			files = (
				19818F621D268E220072E29E /* LaunchScreen.storyboard in Resources */,
				19818F791D268E870072E29E /* Default-568h@2x.png in Resources */,
				19818F5F1D268E220072E29E /* Assets.xcassets in Resources */,
				19818F5D1D268E220072E29E /* Main.storyboard in Resources */,
			);
			runOnlyForDeploymentPostprocessing = 0;
		};
		19818F661D268E220072E29E /* Resources */ = {
			isa = PBXResourcesBuildPhase;
			buildActionMask = 2147483647;
			files = (
			);
			runOnlyForDeploymentPostprocessing = 0;
		};
/* End PBXResourcesBuildPhase section */

/* Begin PBXSourcesBuildPhase section */
		19818F4B1D268E220072E29E /* Sources */ = {
			isa = PBXSourcesBuildPhase;
			buildActionMask = 2147483647;
			files = (
				197810091D29F62B00F404E2 /* BHNetworkLogger.m in Sources */,
				19818F941D26911A0072E29E /* BHNetworkRefreshAccessory.m in Sources */,
				197810291D29F83100F404E2 /* BHNetworkResponse.m in Sources */,
				19818F5A1D268E220072E29E /* ViewController.m in Sources */,
				197810271D29F83100F404E2 /* BHNetworkChainRequest.m in Sources */,
				19818F911D2690FC0072E29E /* BHNetworkHUDAccessory.m in Sources */,
				197810281D29F83100F404E2 /* BHNetworkConfig.m in Sources */,
				19818F571D268E220072E29E /* AppDelegate.m in Sources */,
				197810241D29F83100F404E2 /* BHNetworkAgent.m in Sources */,
				197810261D29F83100F404E2 /* BHNetworkBatchRequest.m in Sources */,
				197810251D29F83100F404E2 /* BHNetworkBaseRequest.m in Sources */,
				19818F541D268E220072E29E /* main.m in Sources */,
			);
			runOnlyForDeploymentPostprocessing = 0;
		};
		19818F641D268E220072E29E /* Sources */ = {
			isa = PBXSourcesBuildPhase;
			buildActionMask = 2147483647;
			files = (
				19818F6D1D268E220072E29E /* BHNetworkDemoTests.m in Sources */,
			);
			runOnlyForDeploymentPostprocessing = 0;
		};
/* End PBXSourcesBuildPhase section */

/* Begin PBXTargetDependency section */
		19818F6A1D268E220072E29E /* PBXTargetDependency */ = {
			isa = PBXTargetDependency;
			target = 19818F4E1D268E220072E29E /* BHNetworkDemo */;
			targetProxy = 19818F691D268E220072E29E /* PBXContainerItemProxy */;
		};
/* End PBXTargetDependency section */

/* Begin PBXVariantGroup section */
		19818F5B1D268E220072E29E /* Main.storyboard */ = {
			isa = PBXVariantGroup;
			children = (
				19818F5C1D268E220072E29E /* Base */,
			);
			name = Main.storyboard;
			sourceTree = "<group>";
		};
		19818F601D268E220072E29E /* LaunchScreen.storyboard */ = {
			isa = PBXVariantGroup;
			children = (
				19818F611D268E220072E29E /* Base */,
			);
			name = LaunchScreen.storyboard;
			sourceTree = "<group>";
		};
/* End PBXVariantGroup section */

/* Begin XCBuildConfiguration section */
		19818F6F1D268E220072E29E /* Debug */ = {
			isa = XCBuildConfiguration;
			buildSettings = {
				ALWAYS_SEARCH_USER_PATHS = NO;
				CLANG_ANALYZER_NONNULL = YES;
				CLANG_CXX_LANGUAGE_STANDARD = "gnu++0x";
				CLANG_CXX_LIBRARY = "libc++";
				CLANG_ENABLE_MODULES = YES;
				CLANG_ENABLE_OBJC_ARC = YES;
				CLANG_WARN_BOOL_CONVERSION = YES;
				CLANG_WARN_CONSTANT_CONVERSION = YES;
				CLANG_WARN_DIRECT_OBJC_ISA_USAGE = YES_ERROR;
				CLANG_WARN_EMPTY_BODY = YES;
				CLANG_WARN_ENUM_CONVERSION = YES;
				CLANG_WARN_INT_CONVERSION = YES;
				CLANG_WARN_OBJC_ROOT_CLASS = YES_ERROR;
				CLANG_WARN_UNREACHABLE_CODE = YES;
				CLANG_WARN__DUPLICATE_METHOD_MATCH = YES;
				"CODE_SIGN_IDENTITY[sdk=iphoneos*]" = "iPhone Developer";
				COPY_PHASE_STRIP = NO;
				DEBUG_INFORMATION_FORMAT = dwarf;
				ENABLE_STRICT_OBJC_MSGSEND = YES;
				ENABLE_TESTABILITY = YES;
				GCC_C_LANGUAGE_STANDARD = gnu99;
				GCC_DYNAMIC_NO_PIC = NO;
				GCC_NO_COMMON_BLOCKS = YES;
				GCC_OPTIMIZATION_LEVEL = 0;
				GCC_PREPROCESSOR_DEFINITIONS = (
					"DEBUG=1",
					"$(inherited)",
				);
				GCC_WARN_64_TO_32_BIT_CONVERSION = YES;
				GCC_WARN_ABOUT_RETURN_TYPE = YES_ERROR;
				GCC_WARN_UNDECLARED_SELECTOR = YES;
				GCC_WARN_UNINITIALIZED_AUTOS = YES_AGGRESSIVE;
				GCC_WARN_UNUSED_FUNCTION = YES;
				GCC_WARN_UNUSED_VARIABLE = YES;
				IPHONEOS_DEPLOYMENT_TARGET = 7.0;
				MTL_ENABLE_DEBUG_INFO = YES;
				ONLY_ACTIVE_ARCH = YES;
				SDKROOT = iphoneos;
				TARGETED_DEVICE_FAMILY = "1,2";
			};
			name = Debug;
		};
		19818F701D268E220072E29E /* Release */ = {
			isa = XCBuildConfiguration;
			buildSettings = {
				ALWAYS_SEARCH_USER_PATHS = NO;
				CLANG_ANALYZER_NONNULL = YES;
				CLANG_CXX_LANGUAGE_STANDARD = "gnu++0x";
				CLANG_CXX_LIBRARY = "libc++";
				CLANG_ENABLE_MODULES = YES;
				CLANG_ENABLE_OBJC_ARC = YES;
				CLANG_WARN_BOOL_CONVERSION = YES;
				CLANG_WARN_CONSTANT_CONVERSION = YES;
				CLANG_WARN_DIRECT_OBJC_ISA_USAGE = YES_ERROR;
				CLANG_WARN_EMPTY_BODY = YES;
				CLANG_WARN_ENUM_CONVERSION = YES;
				CLANG_WARN_INT_CONVERSION = YES;
				CLANG_WARN_OBJC_ROOT_CLASS = YES_ERROR;
				CLANG_WARN_UNREACHABLE_CODE = YES;
				CLANG_WARN__DUPLICATE_METHOD_MATCH = YES;
				"CODE_SIGN_IDENTITY[sdk=iphoneos*]" = "iPhone Developer";
				COPY_PHASE_STRIP = NO;
				DEBUG_INFORMATION_FORMAT = "dwarf-with-dsym";
				ENABLE_NS_ASSERTIONS = NO;
				ENABLE_STRICT_OBJC_MSGSEND = YES;
				GCC_C_LANGUAGE_STANDARD = gnu99;
				GCC_NO_COMMON_BLOCKS = YES;
				GCC_WARN_64_TO_32_BIT_CONVERSION = YES;
				GCC_WARN_ABOUT_RETURN_TYPE = YES_ERROR;
				GCC_WARN_UNDECLARED_SELECTOR = YES;
				GCC_WARN_UNINITIALIZED_AUTOS = YES_AGGRESSIVE;
				GCC_WARN_UNUSED_FUNCTION = YES;
				GCC_WARN_UNUSED_VARIABLE = YES;
				IPHONEOS_DEPLOYMENT_TARGET = 7.0;
				MTL_ENABLE_DEBUG_INFO = NO;
				SDKROOT = iphoneos;
				TARGETED_DEVICE_FAMILY = "1,2";
				VALIDATE_PRODUCT = YES;
			};
			name = Release;
		};
		19818F721D268E220072E29E /* Debug */ = {
			isa = XCBuildConfiguration;
			buildSettings = {
				ASSETCATALOG_COMPILER_APPICON_NAME = AppIcon;
				CODE_SIGN_IDENTITY = "iPhone Developer";
				INFOPLIST_FILE = BHNetworkDemo/Info.plist;
				IPHONEOS_DEPLOYMENT_TARGET = 7.0;
				LD_RUNPATH_SEARCH_PATHS = "$(inherited) @executable_path/Frameworks";
				PRODUCT_BUNDLE_IDENTIFIER = com.iBinaryOrg.BHNetworkDemo;
				PRODUCT_NAME = "$(TARGET_NAME)";
			};
			name = Debug;
		};
		19818F731D268E220072E29E /* Release */ = {
			isa = XCBuildConfiguration;
			buildSettings = {
				ASSETCATALOG_COMPILER_APPICON_NAME = AppIcon;
				CODE_SIGN_IDENTITY = "iPhone Developer";
				INFOPLIST_FILE = BHNetworkDemo/Info.plist;
				IPHONEOS_DEPLOYMENT_TARGET = 7.0;
				LD_RUNPATH_SEARCH_PATHS = "$(inherited) @executable_path/Frameworks";
				PRODUCT_BUNDLE_IDENTIFIER = com.iBinaryOrg.BHNetworkDemo;
				PRODUCT_NAME = "$(TARGET_NAME)";
			};
			name = Release;
		};
		19818F751D268E220072E29E /* Debug */ = {
			isa = XCBuildConfiguration;
			buildSettings = {
				BUNDLE_LOADER = "$(TEST_HOST)";
				INFOPLIST_FILE = BHNetworkDemoTests/Info.plist;
				LD_RUNPATH_SEARCH_PATHS = "$(inherited) @executable_path/Frameworks @loader_path/Frameworks";
				PRODUCT_BUNDLE_IDENTIFIER = com.iBinaryOrg.BHNetworkDemoTests;
				PRODUCT_NAME = "$(TARGET_NAME)";
				TEST_HOST = "$(BUILT_PRODUCTS_DIR)/BHNetworkDemo.app/BHNetworkDemo";
			};
			name = Debug;
		};
		19818F761D268E220072E29E /* Release */ = {
			isa = XCBuildConfiguration;
			buildSettings = {
				BUNDLE_LOADER = "$(TEST_HOST)";
				INFOPLIST_FILE = BHNetworkDemoTests/Info.plist;
				LD_RUNPATH_SEARCH_PATHS = "$(inherited) @executable_path/Frameworks @loader_path/Frameworks";
				PRODUCT_BUNDLE_IDENTIFIER = com.iBinaryOrg.BHNetworkDemoTests;
				PRODUCT_NAME = "$(TARGET_NAME)";
				TEST_HOST = "$(BUILT_PRODUCTS_DIR)/BHNetworkDemo.app/BHNetworkDemo";
			};
			name = Release;
		};
/* End XCBuildConfiguration section */

/* Begin XCConfigurationList section */
		19818F4A1D268E220072E29E /* Build configuration list for PBXProject "BHNetworkDemo" */ = {
			isa = XCConfigurationList;
			buildConfigurations = (
				19818F6F1D268E220072E29E /* Debug */,
				19818F701D268E220072E29E /* Release */,
			);
			defaultConfigurationIsVisible = 0;
			defaultConfigurationName = Release;
		};
		19818F711D268E220072E29E /* Build configuration list for PBXNativeTarget "BHNetworkDemo" */ = {
			isa = XCConfigurationList;
			buildConfigurations = (
				19818F721D268E220072E29E /* Debug */,
				19818F731D268E220072E29E /* Release */,
			);
			defaultConfigurationIsVisible = 0;
			defaultConfigurationName = Release;
		};
		19818F741D268E220072E29E /* Build configuration list for PBXNativeTarget "BHNetworkDemoTests" */ = {
			isa = XCConfigurationList;
			buildConfigurations = (
				19818F751D268E220072E29E /* Debug */,
				19818F761D268E220072E29E /* Release */,
			);
			defaultConfigurationIsVisible = 0;
			defaultConfigurationName = Release;
		};
/* End XCConfigurationList section */
	};
	rootObject = 19818F471D268E220072E29E /* Project object */;
}
